// !$*UTF8*$!
{
	archiveVersion = 1;
	classes = {
	};
	objectVersion = 46;
	objects = {

/* Begin PBXBuildFile section */
		34ABD84F1881FAF700C40DD8 /* Foundation.framework in Frameworks */ = {isa = PBXBuildFile; fileRef = 34ABD84E1881FAF700C40DD8 /* Foundation.framework */; };
		34ABD8511881FAF700C40DD8 /* CoreGraphics.framework in Frameworks */ = {isa = PBXBuildFile; fileRef = 34ABD8501881FAF700C40DD8 /* CoreGraphics.framework */; };
		34ABD8531881FAF700C40DD8 /* UIKit.framework in Frameworks */ = {isa = PBXBuildFile; fileRef = 34ABD8521881FAF700C40DD8 /* UIKit.framework */; };
		34ABD8591881FAF700C40DD8 /* InfoPlist.strings in Resources */ = {isa = PBXBuildFile; fileRef = 34ABD8571881FAF700C40DD8 /* InfoPlist.strings */; };
		34ABD85B1881FAF700C40DD8 /* main.m in Sources */ = {isa = PBXBuildFile; fileRef = 34ABD85A1881FAF700C40DD8 /* main.m */; settings = {COMPILER_FLAGS = "-fno-objc-arc"; }; };
		34ABD85F1881FAF700C40DD8 /* AppDelegate.m in Sources */ = {isa = PBXBuildFile; fileRef = 34ABD85E1881FAF700C40DD8 /* AppDelegate.m */; settings = {COMPILER_FLAGS = "-fno-objc-arc"; }; };
		34ABD8611881FAF700C40DD8 /* Images.xcassets in Resources */ = {isa = PBXBuildFile; fileRef = 34ABD8601881FAF700C40DD8 /* Images.xcassets */; };
		34ABD8681881FAF700C40DD8 /* XCTest.framework in Frameworks */ = {isa = PBXBuildFile; fileRef = 34ABD8671881FAF700C40DD8 /* XCTest.framework */; };
		34ABD8691881FAF700C40DD8 /* Foundation.framework in Frameworks */ = {isa = PBXBuildFile; fileRef = 34ABD84E1881FAF700C40DD8 /* Foundation.framework */; };
		34ABD86A1881FAF700C40DD8 /* UIKit.framework in Frameworks */ = {isa = PBXBuildFile; fileRef = 34ABD8521881FAF700C40DD8 /* UIKit.framework */; };
		34ABD8721881FAF700C40DD8 /* InfoPlist.strings in Resources */ = {isa = PBXBuildFile; fileRef = 34ABD8701881FAF700C40DD8 /* InfoPlist.strings */; };
		34ABD8741881FAF700C40DD8 /* BlocksFunTests.m in Sources */ = {isa = PBXBuildFile; fileRef = 34ABD8731881FAF700C40DD8 /* BlocksFunTests.m */; };
		34ABD8831881FB4100C40DD8 /* TestViewController.m in Sources */ = {isa = PBXBuildFile; fileRef = 34ABD8811881FB4100C40DD8 /* TestViewController.m */; settings = {COMPILER_FLAGS = "-fno-objc-arc"; }; };
		34ABD8841881FB4100C40DD8 /* TestViewController.xib in Resources */ = {isa = PBXBuildFile; fileRef = 34ABD8821881FB4100C40DD8 /* TestViewController.xib */; };
		34ABD8881882002E00C40DD8 /* MainViewController.m in Sources */ = {isa = PBXBuildFile; fileRef = 34ABD8861882002E00C40DD8 /* MainViewController.m */; settings = {COMPILER_FLAGS = "-fno-objc-arc"; }; };
		34ABD8891882002E00C40DD8 /* MainViewController.xib in Resources */ = {isa = PBXBuildFile; fileRef = 34ABD8871882002E00C40DD8 /* MainViewController.xib */; };
/* End PBXBuildFile section */

/* Begin PBXContainerItemProxy section */
		34ABD86B1881FAF700C40DD8 /* PBXContainerItemProxy */ = {
			isa = PBXContainerItemProxy;
			containerPortal = 34ABD8431881FAF700C40DD8 /* Project object */;
			proxyType = 1;
			remoteGlobalIDString = 34ABD84A1881FAF700C40DD8;
			remoteInfo = BlocksFun;
		};
/* End PBXContainerItemProxy section */

/* Begin PBXFileReference section */
		34ABD84B1881FAF700C40DD8 /* BlocksFun.app */ = {isa = PBXFileReference; explicitFileType = wrapper.application; includeInIndex = 0; path = BlocksFun.app; sourceTree = BUILT_PRODUCTS_DIR; };
		34ABD84E1881FAF700C40DD8 /* Foundation.framework */ = {isa = PBXFileReference; lastKnownFileType = wrapper.framework; name = Foundation.framework; path = System/Library/Frameworks/Foundation.framework; sourceTree = SDKROOT; };
		34ABD8501881FAF700C40DD8 /* CoreGraphics.framework */ = {isa = PBXFileReference; lastKnownFileType = wrapper.framework; name = CoreGraphics.framework; path = System/Library/Frameworks/CoreGraphics.framework; sourceTree = SDKROOT; };
		34ABD8521881FAF700C40DD8 /* UIKit.framework */ = {isa = PBXFileReference; lastKnownFileType = wrapper.framework; name = UIKit.framework; path = System/Library/Frameworks/UIKit.framework; sourceTree = SDKROOT; };
		34ABD8561881FAF700C40DD8 /* BlocksFun-Info.plist */ = {isa = PBXFileReference; lastKnownFileType = text.plist.xml; path = "BlocksFun-Info.plist"; sourceTree = "<group>"; };
		34ABD8581881FAF700C40DD8 /* en */ = {isa = PBXFileReference; lastKnownFileType = text.plist.strings; name = en; path = en.lproj/InfoPlist.strings; sourceTree = "<group>"; };
		34ABD85A1881FAF700C40DD8 /* main.m */ = {isa = PBXFileReference; lastKnownFileType = sourcecode.c.objc; path = main.m; sourceTree = "<group>"; };
		34ABD85C1881FAF700C40DD8 /* BlocksFun-Prefix.pch */ = {isa = PBXFileReference; lastKnownFileType = sourcecode.c.h; path = "BlocksFun-Prefix.pch"; sourceTree = "<group>"; };
		34ABD85D1881FAF700C40DD8 /* AppDelegate.h */ = {isa = PBXFileReference; lastKnownFileType = sourcecode.c.h; path = AppDelegate.h; sourceTree = "<group>"; };
		34ABD85E1881FAF700C40DD8 /* AppDelegate.m */ = {isa = PBXFileReference; lastKnownFileType = sourcecode.c.objc; path = AppDelegate.m; sourceTree = "<group>"; };
		34ABD8601881FAF700C40DD8 /* Images.xcassets */ = {isa = PBXFileReference; lastKnownFileType = folder.assetcatalog; path = Images.xcassets; sourceTree = "<group>"; };
		34ABD8661881FAF700C40DD8 /* BlocksFunTests.xctest */ = {isa = PBXFileReference; explicitFileType = wrapper.cfbundle; includeInIndex = 0; path = BlocksFunTests.xctest; sourceTree = BUILT_PRODUCTS_DIR; };
		34ABD8671881FAF700C40DD8 /* XCTest.framework */ = {isa = PBXFileReference; lastKnownFileType = wrapper.framework; name = XCTest.framework; path = Library/Frameworks/XCTest.framework; sourceTree = DEVELOPER_DIR; };
		34ABD86F1881FAF700C40DD8 /* BlocksFunTests-Info.plist */ = {isa = PBXFileReference; lastKnownFileType = text.plist.xml; path = "BlocksFunTests-Info.plist"; sourceTree = "<group>"; };
		34ABD8711881FAF700C40DD8 /* en */ = {isa = PBXFileReference; lastKnownFileType = text.plist.strings; name = en; path = en.lproj/InfoPlist.strings; sourceTree = "<group>"; };
		34ABD8731881FAF700C40DD8 /* BlocksFunTests.m */ = {isa = PBXFileReference; lastKnownFileType = sourcecode.c.objc; path = BlocksFunTests.m; sourceTree = "<group>"; };
		34ABD8801881FB4100C40DD8 /* TestViewController.h */ = {isa = PBXFileReference; fileEncoding = 4; lastKnownFileType = sourcecode.c.h; path = TestViewController.h; sourceTree = "<group>"; };
		34ABD8811881FB4100C40DD8 /* TestViewController.m */ = {isa = PBXFileReference; fileEncoding = 4; lastKnownFileType = sourcecode.c.objc; path = TestViewController.m; sourceTree = "<group>"; };
		34ABD8821881FB4100C40DD8 /* TestViewController.xib */ = {isa = PBXFileReference; fileEncoding = 4; lastKnownFileType = file.xib; path = TestViewController.xib; sourceTree = "<group>"; };
		34ABD8851882002E00C40DD8 /* MainViewController.h */ = {isa = PBXFileReference; fileEncoding = 4; lastKnownFileType = sourcecode.c.h; path = MainViewController.h; sourceTree = "<group>"; };
		34ABD8861882002E00C40DD8 /* MainViewController.m */ = {isa = PBXFileReference; fileEncoding = 4; lastKnownFileType = sourcecode.c.objc; path = MainViewController.m; sourceTree = "<group>"; };
		34ABD8871882002E00C40DD8 /* MainViewController.xib */ = {isa = PBXFileReference; fileEncoding = 4; lastKnownFileType = file.xib; path = MainViewController.xib; sourceTree = "<group>"; };
/* End PBXFileReference section */

/* Begin PBXFrameworksBuildPhase section */
		34ABD8481881FAF700C40DD8 /* Frameworks */ = {
			isa = PBXFrameworksBuildPhase;
			buildActionMask = 2147483647;
			files = (
				34ABD8511881FAF700C40DD8 /* CoreGraphics.framework in Frameworks */,
				34ABD8531881FAF700C40DD8 /* UIKit.framework in Frameworks */,
				34ABD84F1881FAF700C40DD8 /* Foundation.framework in Frameworks */,
			);
			runOnlyForDeploymentPostprocessing = 0;
		};
		34ABD8631881FAF700C40DD8 /* Frameworks */ = {
			isa = PBXFrameworksBuildPhase;
			buildActionMask = 2147483647;
			files = (
				34ABD8681881FAF700C40DD8 /* XCTest.framework in Frameworks */,
				34ABD86A1881FAF700C40DD8 /* UIKit.framework in Frameworks */,
				34ABD8691881FAF700C40DD8 /* Foundation.framework in Frameworks */,
			);
			runOnlyForDeploymentPostprocessing = 0;
		};
/* End PBXFrameworksBuildPhase section */

/* Begin PBXGroup section */
		34ABD8421881FAF700C40DD8 = {
			isa = PBXGroup;
			children = (
				34ABD8541881FAF700C40DD8 /* BlocksFun */,
				34ABD86D1881FAF700C40DD8 /* BlocksFunTests */,
				34ABD84D1881FAF700C40DD8 /* Frameworks */,
				34ABD84C1881FAF700C40DD8 /* Products */,
			);
			sourceTree = "<group>";
		};
		34ABD84C1881FAF700C40DD8 /* Products */ = {
			isa = PBXGroup;
			children = (
				34ABD84B1881FAF700C40DD8 /* BlocksFun.app */,
				34ABD8661881FAF700C40DD8 /* BlocksFunTests.xctest */,
			);
			name = Products;
			sourceTree = "<group>";
		};
		34ABD84D1881FAF700C40DD8 /* Frameworks */ = {
			isa = PBXGroup;
			children = (
				34ABD84E1881FAF700C40DD8 /* Foundation.framework */,
				34ABD8501881FAF700C40DD8 /* CoreGraphics.framework */,
				34ABD8521881FAF700C40DD8 /* UIKit.framework */,
				34ABD8671881FAF700C40DD8 /* XCTest.framework */,
			);
			name = Frameworks;
			sourceTree = "<group>";
		};
		34ABD8541881FAF700C40DD8 /* BlocksFun */ = {
			isa = PBXGroup;
			children = (
				34ABD85D1881FAF700C40DD8 /* AppDelegate.h */,
				34ABD85E1881FAF700C40DD8 /* AppDelegate.m */,
				34ABD8851882002E00C40DD8 /* MainViewController.h */,
				34ABD8861882002E00C40DD8 /* MainViewController.m */,
				34ABD8871882002E00C40DD8 /* MainViewController.xib */,
				34ABD8801881FB4100C40DD8 /* TestViewController.h */,
				34ABD8811881FB4100C40DD8 /* TestViewController.m */,
				34ABD8821881FB4100C40DD8 /* TestViewController.xib */,
				34ABD8601881FAF700C40DD8 /* Images.xcassets */,
				34ABD8551881FAF700C40DD8 /* Supporting Files */,
			);
			path = BlocksFun;
			sourceTree = "<group>";
		};
		34ABD8551881FAF700C40DD8 /* Supporting Files */ = {
			isa = PBXGroup;
			children = (
				34ABD8561881FAF700C40DD8 /* BlocksFun-Info.plist */,
				34ABD8571881FAF700C40DD8 /* InfoPlist.strings */,
				34ABD85A1881FAF700C40DD8 /* main.m */,
				34ABD85C1881FAF700C40DD8 /* BlocksFun-Prefix.pch */,
			);
			name = "Supporting Files";
			sourceTree = "<group>";
		};
		34ABD86D1881FAF700C40DD8 /* BlocksFunTests */ = {
			isa = PBXGroup;
			children = (
				34ABD8731881FAF700C40DD8 /* BlocksFunTests.m */,
				34ABD86E1881FAF700C40DD8 /* Supporting Files */,
			);
			path = BlocksFunTests;
			sourceTree = "<group>";
		};
		34ABD86E1881FAF700C40DD8 /* Supporting Files */ = {
			isa = PBXGroup;
			children = (
				34ABD86F1881FAF700C40DD8 /* BlocksFunTests-Info.plist */,
				34ABD8701881FAF700C40DD8 /* InfoPlist.strings */,
			);
			name = "Supporting Files";
			sourceTree = "<group>";
		};
/* End PBXGroup section */

/* Begin PBXNativeTarget section */
		34ABD84A1881FAF700C40DD8 /* BlocksFun */ = {
			isa = PBXNativeTarget;
			buildConfigurationList = 34ABD8771881FAF700C40DD8 /* Build configuration list for PBXNativeTarget "BlocksFun" */;
			buildPhases = (
				34ABD8471881FAF700C40DD8 /* Sources */,
				34ABD8481881FAF700C40DD8 /* Frameworks */,
				34ABD8491881FAF700C40DD8 /* Resources */,
			);
			buildRules = (
			);
			dependencies = (
			);
			name = BlocksFun;
			productName = BlocksFun;
			productReference = 34ABD84B1881FAF700C40DD8 /* BlocksFun.app */;
			productType = "com.apple.product-type.application";
		};
		34ABD8651881FAF700C40DD8 /* BlocksFunTests */ = {
			isa = PBXNativeTarget;
			buildConfigurationList = 34ABD87A1881FAF700C40DD8 /* Build configuration list for PBXNativeTarget "BlocksFunTests" */;
			buildPhases = (
				34ABD8621881FAF700C40DD8 /* Sources */,
				34ABD8631881FAF700C40DD8 /* Frameworks */,
				34ABD8641881FAF700C40DD8 /* Resources */,
			);
			buildRules = (
			);
			dependencies = (
				34ABD86C1881FAF700C40DD8 /* PBXTargetDependency */,
			);
			name = BlocksFunTests;
			productName = BlocksFunTests;
			productReference = 34ABD8661881FAF700C40DD8 /* BlocksFunTests.xctest */;
			productType = "com.apple.product-type.bundle.unit-test";
		};
/* End PBXNativeTarget section */

/* Begin PBXProject section */
		34ABD8431881FAF700C40DD8 /* Project object */ = {
			isa = PBXProject;
			attributes = {
				LastUpgradeCheck = 0500;
				ORGANIZATIONNAME = matthew;
				TargetAttributes = {
					34ABD8651881FAF700C40DD8 = {
						TestTargetID = 34ABD84A1881FAF700C40DD8;
					};
				};
			};
			buildConfigurationList = 34ABD8461881FAF700C40DD8 /* Build configuration list for PBXProject "BlocksFun" */;
			compatibilityVersion = "Xcode 3.2";
			developmentRegion = English;
			hasScannedForEncodings = 0;
			knownRegions = (
				en,
			);
			mainGroup = 34ABD8421881FAF700C40DD8;
			productRefGroup = 34ABD84C1881FAF700C40DD8 /* Products */;
			projectDirPath = "";
			projectRoot = "";
			targets = (
				34ABD84A1881FAF700C40DD8 /* BlocksFun */,
				34ABD8651881FAF700C40DD8 /* BlocksFunTests */,
			);
		};
/* End PBXProject section */

/* Begin PBXResourcesBuildPhase section */
		34ABD8491881FAF700C40DD8 /* Resources */ = {
			isa = PBXResourcesBuildPhase;
			buildActionMask = 2147483647;
			files = (
				34ABD8591881FAF700C40DD8 /* InfoPlist.strings in Resources */,
				34ABD8841881FB4100C40DD8 /* TestViewController.xib in Resources */,
				34ABD8611881FAF700C40DD8 /* Images.xcassets in Resources */,
				34ABD8891882002E00C40DD8 /* MainViewController.xib in Resources */,
			);
			runOnlyForDeploymentPostprocessing = 0;
		};
		34ABD8641881FAF700C40DD8 /* Resources */ = {
			isa = PBXResourcesBuildPhase;
			buildActionMask = 2147483647;
			files = (
				34ABD8721881FAF700C40DD8 /* InfoPlist.strings in Resources */,
			);
			runOnlyForDeploymentPostprocessing = 0;
		};
/* End PBXResourcesBuildPhase section */

/* Begin PBXSourcesBuildPhase section */
		34ABD8471881FAF700C40DD8 /* Sources */ = {
			isa = PBXSourcesBuildPhase;
			buildActionMask = 2147483647;
			files = (
				34ABD85F1881FAF700C40DD8 /* AppDelegate.m in Sources */,
				34ABD8831881FB4100C40DD8 /* TestViewController.m in Sources */,
				34ABD8881882002E00C40DD8 /* MainViewController.m in Sources */,
				34ABD85B1881FAF700C40DD8 /* main.m in Sources */,
			);
			runOnlyForDeploymentPostprocessing = 0;
		};
		34ABD8621881FAF700C40DD8 /* Sources */ = {
			isa = PBXSourcesBuildPhase;
			buildActionMask = 2147483647;
			files = (
				34ABD8741881FAF700C40DD8 /* BlocksFunTests.m in Sources */,
			);
			runOnlyForDeploymentPostprocessing = 0;
		};
/* End PBXSourcesBuildPhase section */

/* Begin PBXTargetDependency section */
		34ABD86C1881FAF700C40DD8 /* PBXTargetDependency */ = {
			isa = PBXTargetDependency;
			target = 34ABD84A1881FAF700C40DD8 /* BlocksFun */;
			targetProxy = 34ABD86B1881FAF700C40DD8 /* PBXContainerItemProxy */;
		};
/* End PBXTargetDependency section */

/* Begin PBXVariantGroup section */
		34ABD8571881FAF700C40DD8 /* InfoPlist.strings */ = {
			isa = PBXVariantGroup;
			children = (
				34ABD8581881FAF700C40DD8 /* en */,
			);
			name = InfoPlist.strings;
			sourceTree = "<group>";
		};
		34ABD8701881FAF700C40DD8 /* InfoPlist.strings */ = {
			isa = PBXVariantGroup;
			children = (
				34ABD8711881FAF700C40DD8 /* en */,
			);
			name = InfoPlist.strings;
			sourceTree = "<group>";
		};
/* End PBXVariantGroup section */

/* Begin XCBuildConfiguration section */
		34ABD8751881FAF700C40DD8 /* Debug */ = {
			isa = XCBuildConfiguration;
			buildSettings = {
				ALWAYS_SEARCH_USER_PATHS = NO;
				ARCHS = "$(ARCHS_STANDARD_INCLUDING_64_BIT)";
				CLANG_CXX_LANGUAGE_STANDARD = "gnu++0x";
				CLANG_CXX_LIBRARY = "libc++";
				CLANG_ENABLE_MODULES = YES;
				CLANG_ENABLE_OBJC_ARC = YES;
				CLANG_WARN_BOOL_CONVERSION = YES;
				CLANG_WARN_CONSTANT_CONVERSION = YES;
				CLANG_WARN_DIRECT_OBJC_ISA_USAGE = YES_ERROR;
				CLANG_WARN_EMPTY_BODY = YES;
				CLANG_WARN_ENUM_CONVERSION = YES;
				CLANG_WARN_INT_CONVERSION = YES;
				CLANG_WARN_OBJC_ROOT_CLASS = YES_ERROR;
				CLANG_WARN__DUPLICATE_METHOD_MATCH = YES;
				"CODE_SIGN_IDENTITY[sdk=iphoneos*]" = "iPhone Developer";
				COPY_PHASE_STRIP = NO;
				GCC_C_LANGUAGE_STANDARD = gnu99;
				GCC_DYNAMIC_NO_PIC = NO;
				GCC_OPTIMIZATION_LEVEL = 0;
				GCC_PREPROCESSOR_DEFINITIONS = (
					"DEBUG=1",
					"$(inherited)",
				);
				GCC_SYMBOLS_PRIVATE_EXTERN = NO;
				GCC_WARN_64_TO_32_BIT_CONVERSION = YES;
				GCC_WARN_ABOUT_RETURN_TYPE = YES_ERROR;
				GCC_WARN_UNDECLARED_SELECTOR = YES;
				GCC_WARN_UNINITIALIZED_AUTOS = YES;
				GCC_WARN_UNUSED_FUNCTION = YES;
				GCC_WARN_UNUSED_VARIABLE = YES;
				IPHONEOS_DEPLOYMENT_TARGET = 7.0;
				ONLY_ACTIVE_ARCH = YES;
				SDKROOT = iphoneos;
			};
			name = Debug;
		};
		34ABD8761881FAF700C40DD8 /* Release */ = {
			isa = XCBuildConfiguration;
			buildSettings = {
				ALWAYS_SEARCH_USER_PATHS = NO;
				ARCHS = "$(ARCHS_STANDARD_INCLUDING_64_BIT)";
				CLANG_CXX_LANGUAGE_STANDARD = "gnu++0x";
				CLANG_CXX_LIBRARY = "libc++";
				CLANG_ENABLE_MODULES = YES;
				CLANG_ENABLE_OBJC_ARC = YES;
				CLANG_WARN_BOOL_CONVERSION = YES;
				CLANG_WARN_CONSTANT_CONVERSION = YES;
				CLANG_WARN_DIRECT_OBJC_ISA_USAGE = YES_ERROR;
				CLANG_WARN_EMPTY_BODY = YES;
				CLANG_WARN_ENUM_CONVERSION = YES;
				CLANG_WARN_INT_CONVERSION = YES;
				CLANG_WARN_OBJC_ROOT_CLASS = YES_ERROR;
				CLANG_WARN__DUPLICATE_METHOD_MATCH = YES;
				"CODE_SIGN_IDENTITY[sdk=iphoneos*]" = "iPhone Developer";
				COPY_PHASE_STRIP = YES;
				ENABLE_NS_ASSERTIONS = NO;
				GCC_C_LANGUAGE_STANDARD = gnu99;
				GCC_WARN_64_TO_32_BIT_CONVERSION = YES;
				GCC_WARN_ABOUT_RETURN_TYPE = YES_ERROR;
				GCC_WARN_UNDECLARED_SELECTOR = YES;
				GCC_WARN_UNINITIALIZED_AUTOS = YES;
				GCC_WARN_UNUSED_FUNCTION = YES;
				GCC_WARN_UNUSED_VARIABLE = YES;
				IPHONEOS_DEPLOYMENT_TARGET = 7.0;
				SDKROOT = iphoneos;
				VALIDATE_PRODUCT = YES;
			};
			name = Release;
		};
		34ABD8781881FAF700C40DD8 /* Debug */ = {
			isa = XCBuildConfiguration;
			buildSettings = {
				ASSETCATALOG_COMPILER_APPICON_NAME = AppIcon;
				ASSETCATALOG_COMPILER_LAUNCHIMAGE_NAME = LaunchImage;
				GCC_PRECOMPILE_PREFIX_HEADER = YES;
				GCC_PREFIX_HEADER = "BlocksFun/BlocksFun-Prefix.pch";
				INFOPLIST_FILE = "BlocksFun/BlocksFun-Info.plist";
				PRODUCT_NAME = "$(TARGET_NAME)";
				WRAPPER_EXTENSION = app;
			};
			name = Debug;
		};
		34ABD8791881FAF700C40DD8 /* Release */ = {
			isa = XCBuildConfiguration;
			buildSettings = {
				ASSETCATALOG_COMPILER_APPICON_NAME = AppIcon;
				ASSETCATALOG_COMPILER_LAUNCHIMAGE_NAME = LaunchImage;
				GCC_PRECOMPILE_PREFIX_HEADER = YES;
				GCC_PREFIX_HEADER = "BlocksFun/BlocksFun-Prefix.pch";
				INFOPLIST_FILE = "BlocksFun/BlocksFun-Info.plist";
				PRODUCT_NAME = "$(TARGET_NAME)";
				WRAPPER_EXTENSION = app;
			};
			name = Release;
		};
		34ABD87B1881FAF700C40DD8 /* Debug */ = {
			isa = XCBuildConfiguration;
			buildSettings = {
				ARCHS = "$(ARCHS_STANDARD_INCLUDING_64_BIT)";
				BUNDLE_LOADER = "$(BUILT_PRODUCTS_DIR)/BlocksFun.app/BlocksFun";
				FRAMEWORK_SEARCH_PATHS = (
					"$(SDKROOT)/Developer/Library/Frameworks",
					"$(inherited)",
					"$(DEVELOPER_FRAMEWORKS_DIR)",
				);
				GCC_PRECOMPILE_PREFIX_HEADER = YES;
				GCC_PREFIX_HEADER = "BlocksFun/BlocksFun-Prefix.pch";
				GCC_PREPROCESSOR_DEFINITIONS = (
					"DEBUG=1",
					"$(inherited)",
				);
				INFOPLIST_FILE = "BlocksFunTests/BlocksFunTests-Info.plist";
				PRODUCT_NAME = "$(TARGET_NAME)";
				TEST_HOST = "$(BUNDLE_LOADER)";
				WRAPPER_EXTENSION = xctest;
			};
			name = Debug;
		};
		34ABD87C1881FAF700C40DD8 /* Release */ = {
			isa = XCBuildConfiguration;
			buildSettings = {
				ARCHS = "$(ARCHS_STANDARD_INCLUDING_64_BIT)";
				BUNDLE_LOADER = "$(BUILT_PRODUCTS_DIR)/BlocksFun.app/BlocksFun";
				FRAMEWORK_SEARCH_PATHS = (
					"$(SDKROOT)/Developer/Library/Frameworks",
					"$(inherited)",
					"$(DEVELOPER_FRAMEWORKS_DIR)",
				);
				GCC_PRECOMPILE_PREFIX_HEADER = YES;
				GCC_PREFIX_HEADER = "BlocksFun/BlocksFun-Prefix.pch";
				INFOPLIST_FILE = "BlocksFunTests/BlocksFunTests-Info.plist";
				PRODUCT_NAME = "$(TARGET_NAME)";
				TEST_HOST = "$(BUNDLE_LOADER)";
				WRAPPER_EXTENSION = xctest;
			};
			name = Release;
		};
/* End XCBuildConfiguration section */

/* Begin XCConfigurationList section */
		34ABD8461881FAF700C40DD8 /* Build configuration list for PBXProject "BlocksFun" */ = {
			isa = XCConfigurationList;
			buildConfigurations = (
				34ABD8751881FAF700C40DD8 /* Debug */,
				34ABD8761881FAF700C40DD8 /* Release */,
			);
			defaultConfigurationIsVisible = 0;
			defaultConfigurationName = Release;
		};
		34ABD8771881FAF700C40DD8 /* Build configuration list for PBXNativeTarget "BlocksFun" */ = {
			isa = XCConfigurationList;
			buildConfigurations = (
				34ABD8781881FAF700C40DD8 /* Debug */,
				34ABD8791881FAF700C40DD8 /* Release */,
			);
			defaultConfigurationIsVisible = 0;
		};
		34ABD87A1881FAF700C40DD8 /* Build configuration list for PBXNativeTarget "BlocksFunTests" */ = {
			isa = XCConfigurationList;
			buildConfigurations = (
				34ABD87B1881FAF700C40DD8 /* Debug */,
				34ABD87C1881FAF700C40DD8 /* Release */,
			);
			defaultConfigurationIsVisible = 0;
		};
/* End XCConfigurationList section */
	};
	rootObject = 34ABD8431881FAF700C40DD8 /* Project object */;
}
